// !$*UTF8*$!
{
	archiveVersion = 1;
	classes = {
	};
	objectVersion = 77;
	objects = {

/* Begin PBXBuildFile section */
		7C7DA6EF2F2C3CED00227B4A /* Info 2.plist in Resources */ = {isa = PBXBuildFile; fileRef = 7C7DA6EE2F2C3CED00227B4A /* Info 2.plist */; };
		7C7DA79F2F2C405D00227B4A /* Info 3.plist in Resources */ = {isa = PBXBuildFile; fileRef = 7C7DA79E2F2C405D00227B4A /* Info 3.plist */; };
		7C7DA7A12F2C409D00227B4A /* Info 4.plist in Resources */ = {isa = PBXBuildFile; fileRef = 7C7DA7A02F2C409D00227B4A /* Info 4.plist */; };
		7C7DA7A32F2C40CF00227B4A /* Info 5.plist in Resources */ = {isa = PBXBuildFile; fileRef = 7C7DA7A22F2C40CF00227B4A /* Info 5.plist */; };
		7CB6C7442F2FDE8D00612BA4 /* CallKit.framework in Frameworks */ = {isa = PBXBuildFile; fileRef = 7CBD29B92F2AA7E20035BD31 /* CallKit.framework */; };
		7CBD29BD2F2AF6E90035BD31 /* SecureNodeModels.swift in Sources */ = {isa = PBXBuildFile; fileRef = 7CBD29BC2F2AF6E90035BD31 /* SecureNodeModels.swift */; };
		7CBD29C02F2B0A000035BD31 /* CallKit.framework in Frameworks */ = {isa = PBXBuildFile; fileRef = 7CBD29B92F2AA7E20035BD31 /* CallKit.framework */; };
		7CBD29C12F2B0B000035BD31 /* BackgroundTasks.framework in Frameworks */ = {isa = PBXBuildFile; fileRef = 7CBD29C22F2B0B000035BD31 /* BackgroundTasks.framework */; };
		7CCD2E012F2A943D0051CBEB /* SecureNodeCallDirectoryExtension.appex in Embed Foundation Extensions */ = {isa = PBXBuildFile; fileRef = 7CCD2E022F2A943D0051CBEB /* SecureNodeCallDirectoryExtension.appex */; settings = {ATTRIBUTES = (RemoveHeadersOnCopy, ); }; };
		7CCD2E072F2A943D0051CBEB /* CallKit.framework in Frameworks */ = {isa = PBXBuildFile; fileRef = 7CBD29B92F2AA7E20035BD31 /* CallKit.framework */; };
		7CCD2E102F2A943D0051CBEB /* SecureNodeCallDirectoryExtension/CallDirectoryHandler.swift in Sources */ = {isa = PBXBuildFile; fileRef = 7CCD2E0F2F2A943D0051CBEB /* SecureNodeCallDirectoryExtension/CallDirectoryHandler.swift */; };
/* End PBXBuildFile section */

/* Begin PBXContainerItemProxy section */
		7CAED29B2F2A94400051CBEB /* PBXContainerItemProxy */ = {
			isa = PBXContainerItemProxy;
			containerPortal = 7CAED2832F2A943D0051CBEB /* Project object */;
			proxyType = 1;
			remoteGlobalIDString = 7CAED28A2F2A943D0051CBEB;
			remoteInfo = SecureNode;
		};
		7CAED2A52F2A94400051CBEB /* PBXContainerItemProxy */ = {
			isa = PBXContainerItemProxy;
			containerPortal = 7CAED2832F2A943D0051CBEB /* Project object */;
			proxyType = 1;
			remoteGlobalIDString = 7CAED28A2F2A943D0051CBEB;
			remoteInfo = SecureNode;
		};
		7CCD2E032F2A943D0051CBEB /* PBXContainerItemProxy */ = {
			isa = PBXContainerItemProxy;
			containerPortal = 7CAED2832F2A943D0051CBEB /* Project object */;
			proxyType = 1;
			remoteGlobalIDString = 7CCD2E042F2A943D0051CBEB;
			remoteInfo = SecureNodeCallDirectoryExtension;
		};
/* End PBXContainerItemProxy section */

/* Begin PBXCopyFilesBuildPhase section */
		7CCD2E0B2F2A943D0051CBEB /* Embed Foundation Extensions */ = {
			isa = PBXCopyFilesBuildPhase;
			buildActionMask = 2147483647;
			dstPath = "";
			dstSubfolderSpec = 13;
			files = (
				7CCD2E012F2A943D0051CBEB /* SecureNodeCallDirectoryExtension.appex in Embed Foundation Extensions */,
			);
			name = "Embed Foundation Extensions";
			runOnlyForDeploymentPostprocessing = 0;
		};
/* End PBXCopyFilesBuildPhase section */

/* Begin PBXShellScriptBuildPhase section */
		7CAED2B72F2A94400051CBEB /* Inject Xcode Cloud API key */ = {
			isa = PBXShellScriptBuildPhase;
			buildActionMask = 2147483647;
			files = (
			);
			inputFileListPaths = (
			);
			inputPaths = (
			);
			name = "Inject Xcode Cloud API key";
			outputFileListPaths = (
			);
			outputPaths = (
			);
			runOnlyForDeploymentPostprocessing = 0;
			shellPath = /bin/sh;
			shellScript = "if [ -n \"$SECURENODE_API_KEY\" ]; then\n  /usr/libexec/PlistBuddy -c \"Set :SecureNodeAPIKey $SECURENODE_API_KEY\" \"$SRCROOT/Info.plist\"\nfi\nif [ -n \"$SECURENODE_API_URL\" ]; then\n  /usr/libexec/PlistBuddy -c \"Set :SecureNodeAPIURL $SECURENODE_API_URL\" \"$SRCROOT/Info.plist\"\nfi\n";
			showEnvVarsInLog = 0;
		};
/* End PBXShellScriptBuildPhase section */

/* Begin PBXFileReference section */
		7C7DA6EE2F2C3CED00227B4A /* Info 2.plist */ = {isa = PBXFileReference; lastKnownFileType = text.plist.xml; path = "Info 2.plist"; sourceTree = "<group>"; };
		7C7DA79E2F2C405D00227B4A /* Info 3.plist */ = {isa = PBXFileReference; lastKnownFileType = text.plist.xml; path = "Info 3.plist"; sourceTree = "<group>"; };
		7C7DA7A02F2C409D00227B4A /* Info 4.plist */ = {isa = PBXFileReference; lastKnownFileType = text.plist.xml; path = "Info 4.plist"; sourceTree = "<group>"; };
		7C7DA7A22F2C40CF00227B4A /* Info 5.plist */ = {isa = PBXFileReference; lastKnownFileType = text.plist.xml; path = "Info 5.plist"; sourceTree = "<group>"; };
		7CAED28B2F2A943D0051CBEB /* SecureNode.app */ = {isa = PBXFileReference; explicitFileType = wrapper.application; includeInIndex = 0; path = SecureNode.app; sourceTree = BUILT_PRODUCTS_DIR; };
		7CAED29A2F2A94400051CBEB /* SecureNodeTests.xctest */ = {isa = PBXFileReference; explicitFileType = wrapper.cfbundle; includeInIndex = 0; path = SecureNodeTests.xctest; sourceTree = BUILT_PRODUCTS_DIR; };
		7CAED2A42F2A94400051CBEB /* SecureNodeUITests.xctest */ = {isa = PBXFileReference; explicitFileType = wrapper.cfbundle; includeInIndex = 0; path = SecureNodeUITests.xctest; sourceTree = BUILT_PRODUCTS_DIR; };
		7CBD29B92F2AA7E20035BD31 /* CallKit.framework */ = {isa = PBXFileReference; lastKnownFileType = wrapper.framework; name = CallKit.framework; path = System/Library/Frameworks/CallKit.framework; sourceTree = SDKROOT; };
		7CBD29BC2F2AF6E90035BD31 /* SecureNodeModels.swift */ = {isa = PBXFileReference; lastKnownFileType = sourcecode.swift; path = SecureNodeModels.swift; sourceTree = "<group>"; };
		7CBD29C22F2B0B000035BD31 /* BackgroundTasks.framework */ = {isa = PBXFileReference; lastKnownFileType = wrapper.framework; name = BackgroundTasks.framework; path = System/Library/Frameworks/BackgroundTasks.framework; sourceTree = SDKROOT; };
		7CCD2E022F2A943D0051CBEB /* SecureNodeCallDirectoryExtension.appex */ = {isa = PBXFileReference; explicitFileType = "wrapper.app-extension"; includeInIndex = 0; path = SecureNodeCallDirectoryExtension.appex; sourceTree = BUILT_PRODUCTS_DIR; };
		7CCD2E0F2F2A943D0051CBEB /* SecureNodeCallDirectoryExtension/CallDirectoryHandler.swift */ = {isa = PBXFileReference; lastKnownFileType = sourcecode.swift; path = SecureNodeCallDirectoryExtension/CallDirectoryHandler.swift; sourceTree = "<group>"; };
		7CFE4DF52F2C219E007CDAD7 /* SecureNode.xctestplan */ = {isa = PBXFileReference; lastKnownFileType = text; path = SecureNode.xctestplan; sourceTree = "<group>"; };
/* End PBXFileReference section */

/* Begin PBXFileSystemSynchronizedRootGroup section */
		7CAED28D2F2A943D0051CBEB /* SecureNode */ = {
			isa = PBXFileSystemSynchronizedRootGroup;
			path = SecureNode;
			sourceTree = "<group>";
		};
		7CAED29D2F2A94400051CBEB /* SecureNodeTests */ = {
			isa = PBXFileSystemSynchronizedRootGroup;
			path = SecureNodeTests;
			sourceTree = "<group>";
		};
		7CAED2A72F2A94400051CBEB /* SecureNodeUITests */ = {
			isa = PBXFileSystemSynchronizedRootGroup;
			path = SecureNodeUITests;
			sourceTree = "<group>";
		};
		7CBD29BF2F2B09F00035BD31 /* Sources/SecureNodeSDK */ = {
			isa = PBXFileSystemSynchronizedRootGroup;
			path = Sources/SecureNodeSDK;
			sourceTree = "<group>";
		};
/* End PBXFileSystemSynchronizedRootGroup section */

/* Begin PBXFrameworksBuildPhase section */
		7CAED2882F2A943D0051CBEB /* Frameworks */ = {
			isa = PBXFrameworksBuildPhase;
			buildActionMask = 2147483647;
			files = (
				7CBD29C02F2B0A000035BD31 /* CallKit.framework in Frameworks */,
				7CBD29C12F2B0B000035BD31 /* BackgroundTasks.framework in Frameworks */,
			);
			runOnlyForDeploymentPostprocessing = 0;
		};
		7CAED2972F2A94400051CBEB /* Frameworks */ = {
			isa = PBXFrameworksBuildPhase;
			buildActionMask = 2147483647;
			files = (
				7CB6C7442F2FDE8D00612BA4 /* CallKit.framework in Frameworks */,
			);
			runOnlyForDeploymentPostprocessing = 0;
		};
		7CAED2A12F2A94400051CBEB /* Frameworks */ = {
			isa = PBXFrameworksBuildPhase;
			buildActionMask = 2147483647;
			files = (
			);
			runOnlyForDeploymentPostprocessing = 0;
		};
		7CCD2E062F2A943D0051CBEB /* Frameworks */ = {
			isa = PBXFrameworksBuildPhase;
			buildActionMask = 2147483647;
			files = (
				7CCD2E072F2A943D0051CBEB /* CallKit.framework in Frameworks */,
			);
			runOnlyForDeploymentPostprocessing = 0;
		};
/* End PBXFrameworksBuildPhase section */

/* Begin PBXGroup section */
		7C7DA51B2F2C2EAA00227B4A /* Recovered References */ = {
			isa = PBXGroup;
			children = (
				7CCD2E0F2F2A943D0051CBEB /* SecureNodeCallDirectoryExtension/CallDirectoryHandler.swift */,
			);
			name = "Recovered References";
			sourceTree = "<group>";
		};
		7CAED2822F2A943D0051CBEB = {
			isa = PBXGroup;
			children = (
				7CFE4DF52F2C219E007CDAD7 /* SecureNode.xctestplan */,
				7CAED28D2F2A943D0051CBEB /* SecureNode */,
				7CBD29BF2F2B09F00035BD31 /* Sources/SecureNodeSDK */,
				7CAED29D2F2A94400051CBEB /* SecureNodeTests */,
				7CAED2A72F2A94400051CBEB /* SecureNodeUITests */,
				7CBD29B02F2AA18D0035BD31 /* Frameworks */,
				7CAED28C2F2A943D0051CBEB /* Products */,
				7CBD29BC2F2AF6E90035BD31 /* SecureNodeModels.swift */,
				7C7DA51B2F2C2EAA00227B4A /* Recovered References */,
				7C7DA6EE2F2C3CED00227B4A /* Info 2.plist */,
				7C7DA79E2F2C405D00227B4A /* Info 3.plist */,
				7C7DA7A02F2C409D00227B4A /* Info 4.plist */,
				7C7DA7A22F2C40CF00227B4A /* Info 5.plist */,
			);
			sourceTree = "<group>";
		};
		7CAED28C2F2A943D0051CBEB /* Products */ = {
			isa = PBXGroup;
			children = (
				7CAED28B2F2A943D0051CBEB /* SecureNode.app */,
				7CCD2E022F2A943D0051CBEB /* SecureNodeCallDirectoryExtension.appex */,
				7CAED29A2F2A94400051CBEB /* SecureNodeTests.xctest */,
				7CAED2A42F2A94400051CBEB /* SecureNodeUITests.xctest */,
			);
			name = Products;
			sourceTree = "<group>";
		};
		7CBD29B02F2AA18D0035BD31 /* Frameworks */ = {
			isa = PBXGroup;
			children = (
				7CBD29B92F2AA7E20035BD31 /* CallKit.framework */,
				7CBD29C22F2B0B000035BD31 /* BackgroundTasks.framework */,
			);
			name = Frameworks;
			sourceTree = "<group>";
		};
/* End PBXGroup section */

/* Begin PBXNativeTarget section */
		7CAED28A2F2A943D0051CBEB /* SecureNode */ = {
			isa = PBXNativeTarget;
			buildConfigurationList = 7CAED2AE2F2A94400051CBEB /* Build configuration list for PBXNativeTarget "SecureNode" */;
			buildPhases = (
				7CAED2B72F2A94400051CBEB /* Inject Xcode Cloud API key */,
				7CAED2872F2A943D0051CBEB /* Sources */,
				7CAED2882F2A943D0051CBEB /* Frameworks */,
				7CAED2892F2A943D0051CBEB /* Resources */,
				7CCD2E0B2F2A943D0051CBEB /* Embed Foundation Extensions */,
			);
			buildRules = (
			);
			dependencies = (
				7CCD2E0C2F2A943D0051CBEB /* PBXTargetDependency */,
			);
			fileSystemSynchronizedGroups = (
				7CAED28D2F2A943D0051CBEB /* SecureNode */,
				7CBD29BF2F2B09F00035BD31 /* Sources/SecureNodeSDK */,
			);
			name = SecureNode;
			packageProductDependencies = (
			);
			productName = SecureNode;
			productReference = 7CAED28B2F2A943D0051CBEB /* SecureNode.app */;
			productType = "com.apple.product-type.application";
		};
		7CAED2992F2A94400051CBEB /* SecureNodeTests */ = {
			isa = PBXNativeTarget;
			buildConfigurationList = 7CAED2B12F2A94400051CBEB /* Build configuration list for PBXNativeTarget "SecureNodeTests" */;
			buildPhases = (
				7CAED2962F2A94400051CBEB /* Sources */,
				7CAED2972F2A94400051CBEB /* Frameworks */,
				7CAED2982F2A94400051CBEB /* Resources */,
			);
			buildRules = (
			);
			dependencies = (
				7CAED29C2F2A94400051CBEB /* PBXTargetDependency */,
			);
			fileSystemSynchronizedGroups = (
				7CAED29D2F2A94400051CBEB /* SecureNodeTests */,
			);
			name = SecureNodeTests;
			packageProductDependencies = (
			);
			productName = SecureNodeTests;
			productReference = 7CAED29A2F2A94400051CBEB /* SecureNodeTests.xctest */;
			productType = "com.apple.product-type.bundle.unit-test";
		};
		7CAED2A32F2A94400051CBEB /* SecureNodeUITests */ = {
			isa = PBXNativeTarget;
			buildConfigurationList = 7CAED2B42F2A94400051CBEB /* Build configuration list for PBXNativeTarget "SecureNodeUITests" */;
			buildPhases = (
				7CAED2A02F2A94400051CBEB /* Sources */,
				7CAED2A12F2A94400051CBEB /* Frameworks */,
				7CAED2A22F2A94400051CBEB /* Resources */,
			);
			buildRules = (
			);
			dependencies = (
				7CAED2A62F2A94400051CBEB /* PBXTargetDependency */,
			);
			fileSystemSynchronizedGroups = (
				7CAED2A72F2A94400051CBEB /* SecureNodeUITests */,
			);
			name = SecureNodeUITests;
			packageProductDependencies = (
			);
			productName = SecureNodeUITests;
			productReference = 7CAED2A42F2A94400051CBEB /* SecureNodeUITests.xctest */;
			productType = "com.apple.product-type.bundle.ui-testing";
		};
		7CCD2E042F2A943D0051CBEB /* SecureNodeCallDirectoryExtension */ = {
			isa = PBXNativeTarget;
			buildConfigurationList = 7CCD2E082F2A943D0051CBEB /* Build configuration list for PBXNativeTarget "SecureNodeCallDirectoryExtension" */;
			buildPhases = (
				7CCD2E092F2A943D0051CBEB /* Sources */,
				7CCD2E062F2A943D0051CBEB /* Frameworks */,
				7CCD2E0A2F2A943D0051CBEB /* Resources */,
			);
			buildRules = (
			);
			dependencies = (
			);
			fileSystemSynchronizedGroups = (
				7CBD29BF2F2B09F00035BD31 /* Sources/SecureNodeSDK */,
			);
			name = SecureNodeCallDirectoryExtension;
			packageProductDependencies = (
			);
			productName = SecureNodeCallDirectoryExtension;
			productReference = 7CCD2E022F2A943D0051CBEB /* SecureNodeCallDirectoryExtension.appex */;
			productType = "com.apple.product-type.app-extension";
		};
/* End PBXNativeTarget section */

/* Begin PBXProject section */
		7CAED2832F2A943D0051CBEB /* Project object */ = {
			isa = PBXProject;
			attributes = {
				BuildIndependentTargetsInParallel = 1;
				KnownAssetTags = (
					New,
				);
				LastSwiftUpdateCheck = 2620;
				LastUpgradeCheck = 2620;
				TargetAttributes = {
					7CAED28A2F2A943D0051CBEB = {
						CreatedOnToolsVersion = 26.2;
					};
					7CAED2992F2A94400051CBEB = {
						CreatedOnToolsVersion = 26.2;
						TestTargetID = 7CAED28A2F2A943D0051CBEB;
					};
					7CAED2A32F2A94400051CBEB = {
						CreatedOnToolsVersion = 26.2;
						TestTargetID = 7CAED28A2F2A943D0051CBEB;
					};
					7CCD2E042F2A943D0051CBEB = {
						CreatedOnToolsVersion = 26.2;
					};
				};
			};
			buildConfigurationList = 7CAED2862F2A943D0051CBEB /* Build configuration list for PBXProject "SecureNode" */;
			developmentRegion = en;
			hasScannedForEncodings = 0;
			knownRegions = (
				en,
				Base,
			);
			mainGroup = 7CAED2822F2A943D0051CBEB;
			minimizedProjectReferenceProxies = 1;
			preferredProjectObjectVersion = 77;
			productRefGroup = 7CAED28C2F2A943D0051CBEB /* Products */;
			projectDirPath = "";
			projectRoot = "";
			targets = (
				7CAED28A2F2A943D0051CBEB /* SecureNode */,
				7CCD2E042F2A943D0051CBEB /* SecureNodeCallDirectoryExtension */,
				7CAED2992F2A94400051CBEB /* SecureNodeTests */,
				7CAED2A32F2A94400051CBEB /* SecureNodeUITests */,
			);
		};
/* End PBXProject section */

/* Begin PBXResourcesBuildPhase section */
		7CAED2892F2A943D0051CBEB /* Resources */ = {
			isa = PBXResourcesBuildPhase;
			buildActionMask = 2147483647;
			files = (
				7C7DA79F2F2C405D00227B4A /* Info 3.plist in Resources */,
				7C7DA7A12F2C409D00227B4A /* Info 4.plist in Resources */,
				7C7DA7A32F2C40CF00227B4A /* Info 5.plist in Resources */,
				7C7DA6EF2F2C3CED00227B4A /* Info 2.plist in Resources */,
			);
			runOnlyForDeploymentPostprocessing = 0;
		};
		7CAED2982F2A94400051CBEB /* Resources */ = {
			isa = PBXResourcesBuildPhase;
			buildActionMask = 2147483647;
			files = (
			);
			runOnlyForDeploymentPostprocessing = 0;
		};
		7CAED2A22F2A94400051CBEB /* Resources */ = {
			isa = PBXResourcesBuildPhase;
			buildActionMask = 2147483647;
			files = (
			);
			runOnlyForDeploymentPostprocessing = 0;
		};
		7CCD2E0A2F2A943D0051CBEB /* Resources */ = {
			isa = PBXResourcesBuildPhase;
			buildActionMask = 2147483647;
			files = (
			);
			runOnlyForDeploymentPostprocessing = 0;
		};
/* End PBXResourcesBuildPhase section */

/* Begin PBXSourcesBuildPhase section */
		7CAED2872F2A943D0051CBEB /* Sources */ = {
			isa = PBXSourcesBuildPhase;
			buildActionMask = 2147483647;
			files = (
				7CBD29BD2F2AF6E90035BD31 /* SecureNodeModels.swift in Sources */,
			);
			runOnlyForDeploymentPostprocessing = 0;
		};
		7CAED2962F2A94400051CBEB /* Sources */ = {
			isa = PBXSourcesBuildPhase;
			buildActionMask = 2147483647;
			files = (
			);
			runOnlyForDeploymentPostprocessing = 0;
		};
		7CAED2A02F2A94400051CBEB /* Sources */ = {
			isa = PBXSourcesBuildPhase;
			buildActionMask = 2147483647;
			files = (
			);
			runOnlyForDeploymentPostprocessing = 0;
		};
		7CCD2E092F2A943D0051CBEB /* Sources */ = {
			isa = PBXSourcesBuildPhase;
			buildActionMask = 2147483647;
			files = (
				7CCD2E102F2A943D0051CBEB /* SecureNodeCallDirectoryExtension/CallDirectoryHandler.swift in Sources */,
			);
			runOnlyForDeploymentPostprocessing = 0;
		};
/* End PBXSourcesBuildPhase section */

/* Begin PBXTargetDependency section */
		7CAED29C2F2A94400051CBEB /* PBXTargetDependency */ = {
			isa = PBXTargetDependency;
			target = 7CAED28A2F2A943D0051CBEB /* SecureNode */;
			targetProxy = 7CAED29B2F2A94400051CBEB /* PBXContainerItemProxy */;
		};
		7CAED2A62F2A94400051CBEB /* PBXTargetDependency */ = {
			isa = PBXTargetDependency;
			target = 7CAED28A2F2A943D0051CBEB /* SecureNode */;
			targetProxy = 7CAED2A52F2A94400051CBEB /* PBXContainerItemProxy */;
		};
		7CCD2E0C2F2A943D0051CBEB /* PBXTargetDependency */ = {
			isa = PBXTargetDependency;
			target = 7CCD2E042F2A943D0051CBEB /* SecureNodeCallDirectoryExtension */;
			targetProxy = 7CCD2E032F2A943D0051CBEB /* PBXContainerItemProxy */;
		};
/* End PBXTargetDependency section */

/* Begin XCBuildConfiguration section */
		7CAED2AC2F2A94400051CBEB /* Debug */ = {
			isa = XCBuildConfiguration;
			buildSettings = {
				ALWAYS_SEARCH_USER_PATHS = NO;
				ASSETCATALOG_COMPILER_GENERATE_SWIFT_ASSET_SYMBOL_EXTENSIONS = YES;
				CLANG_ANALYZER_NONNULL = YES;
				CLANG_ANALYZER_NUMBER_OBJECT_CONVERSION = YES_AGGRESSIVE;
				CLANG_CXX_LANGUAGE_STANDARD = "gnu++20";
				CLANG_ENABLE_MODULES = YES;
				CLANG_ENABLE_OBJC_ARC = YES;
				CLANG_ENABLE_OBJC_WEAK = YES;
				CLANG_WARN_BLOCK_CAPTURE_AUTORELEASING = YES;
				CLANG_WARN_BOOL_CONVERSION = YES;
				CLANG_WARN_COMMA = YES;
				CLANG_WARN_CONSTANT_CONVERSION = YES;
				CLANG_WARN_DEPRECATED_OBJC_IMPLEMENTATIONS = YES;
				CLANG_WARN_DIRECT_OBJC_ISA_USAGE = YES_ERROR;
				CLANG_WARN_DOCUMENTATION_COMMENTS = YES;
				CLANG_WARN_EMPTY_BODY = YES;
				CLANG_WARN_ENUM_CONVERSION = YES;
				CLANG_WARN_INFINITE_RECURSION = YES;
				CLANG_WARN_INT_CONVERSION = YES;
				CLANG_WARN_NON_LITERAL_NULL_CONVERSION = YES;
				CLANG_WARN_OBJC_IMPLICIT_RETAIN_SELF = YES;
				CLANG_WARN_OBJC_LITERAL_CONVERSION = YES;
				CLANG_WARN_OBJC_ROOT_CLASS = YES_ERROR;
				CLANG_WARN_QUOTED_INCLUDE_IN_FRAMEWORK_HEADER = YES;
				CLANG_WARN_RANGE_LOOP_ANALYSIS = YES;
				CLANG_WARN_STRICT_PROTOTYPES = YES;
				CLANG_WARN_SUSPICIOUS_MOVE = YES;
				CLANG_WARN_UNGUARDED_AVAILABILITY = YES_AGGRESSIVE;
				CLANG_WARN_UNREACHABLE_CODE = YES;
				CLANG_WARN__DUPLICATE_METHOD_MATCH = YES;
				COPY_PHASE_STRIP = NO;
				DEBUG_INFORMATION_FORMAT = dwarf;
				ENABLE_STRICT_OBJC_MSGSEND = YES;
				ENABLE_TESTABILITY = YES;
				ENABLE_USER_SCRIPT_SANDBOXING = YES;
				GCC_C_LANGUAGE_STANDARD = gnu17;
				GCC_DYNAMIC_NO_PIC = NO;
				GCC_NO_COMMON_BLOCKS = YES;
				GCC_OPTIMIZATION_LEVEL = 0;
				GCC_PREPROCESSOR_DEFINITIONS = (
					"DEBUG=1",
					"$(inherited)",
				);
				GCC_WARN_64_TO_32_BIT_CONVERSION = YES;
				GCC_WARN_ABOUT_RETURN_TYPE = YES_ERROR;
				GCC_WARN_UNDECLARED_SELECTOR = YES;
				GCC_WARN_UNINITIALIZED_AUTOS = YES_AGGRESSIVE;
				GCC_WARN_UNUSED_FUNCTION = YES;
				GCC_WARN_UNUSED_VARIABLE = YES;
				IPHONEOS_DEPLOYMENT_TARGET = 16.2;
				"IPHONEOS_DEPLOYMENT_TARGET[arch=*]" = 16.2;
				LOCALIZATION_PREFERS_STRING_CATALOGS = YES;
				MTL_ENABLE_DEBUG_INFO = INCLUDE_SOURCE;
				MTL_FAST_MATH = YES;
				ONLY_ACTIVE_ARCH = YES;
				SDKROOT = iphoneos;
				SWIFT_ACTIVE_COMPILATION_CONDITIONS = "DEBUG $(inherited)";
				SWIFT_OPTIMIZATION_LEVEL = "-Onone";
			};
			name = Debug;
		};
		7CAED2AD2F2A94400051CBEB /* Release */ = {
			isa = XCBuildConfiguration;
			buildSettings = {
				ALWAYS_SEARCH_USER_PATHS = NO;
				ASSETCATALOG_COMPILER_GENERATE_SWIFT_ASSET_SYMBOL_EXTENSIONS = YES;
				CLANG_ANALYZER_NONNULL = YES;
				CLANG_ANALYZER_NUMBER_OBJECT_CONVERSION = YES_AGGRESSIVE;
				CLANG_CXX_LANGUAGE_STANDARD = "gnu++20";
				CLANG_ENABLE_MODULES = YES;
				CLANG_ENABLE_OBJC_ARC = YES;
				CLANG_ENABLE_OBJC_WEAK = YES;
				CLANG_WARN_BLOCK_CAPTURE_AUTORELEASING = YES;
				CLANG_WARN_BOOL_CONVERSION = YES;
				CLANG_WARN_COMMA = YES;
				CLANG_WARN_CONSTANT_CONVERSION = YES;
				CLANG_WARN_DEPRECATED_OBJC_IMPLEMENTATIONS = YES;
				CLANG_WARN_DIRECT_OBJC_ISA_USAGE = YES_ERROR;
				CLANG_WARN_DOCUMENTATION_COMMENTS = YES;
				CLANG_WARN_EMPTY_BODY = YES;
				CLANG_WARN_ENUM_CONVERSION = YES;
				CLANG_WARN_INFINITE_RECURSION = YES;
				CLANG_WARN_INT_CONVERSION = YES;
				CLANG_WARN_NON_LITERAL_NULL_CONVERSION = YES;
				CLANG_WARN_OBJC_IMPLICIT_RETAIN_SELF = YES;
				CLANG_WARN_OBJC_LITERAL_CONVERSION = YES;
				CLANG_WARN_OBJC_ROOT_CLASS = YES_ERROR;
				CLANG_WARN_QUOTED_INCLUDE_IN_FRAMEWORK_HEADER = YES;
				CLANG_WARN_RANGE_LOOP_ANALYSIS = YES;
				CLANG_WARN_STRICT_PROTOTYPES = YES;
				CLANG_WARN_SUSPICIOUS_MOVE = YES;
				CLANG_WARN_UNGUARDED_AVAILABILITY = YES_AGGRESSIVE;
				CLANG_WARN_UNREACHABLE_CODE = YES;
				CLANG_WARN__DUPLICATE_METHOD_MATCH = YES;
				COPY_PHASE_STRIP = NO;
				DEBUG_INFORMATION_FORMAT = "dwarf-with-dsym";
				ENABLE_NS_ASSERTIONS = NO;
				ENABLE_STRICT_OBJC_MSGSEND = YES;
				ENABLE_USER_SCRIPT_SANDBOXING = YES;
				GCC_C_LANGUAGE_STANDARD = gnu17;
				GCC_NO_COMMON_BLOCKS = YES;
				GCC_WARN_64_TO_32_BIT_CONVERSION = YES;
				GCC_WARN_ABOUT_RETURN_TYPE = YES_ERROR;
				GCC_WARN_UNDECLARED_SELECTOR = YES;
				GCC_WARN_UNINITIALIZED_AUTOS = YES_AGGRESSIVE;
				GCC_WARN_UNUSED_FUNCTION = YES;
				GCC_WARN_UNUSED_VARIABLE = YES;
				IPHONEOS_DEPLOYMENT_TARGET = 16.2;
				"IPHONEOS_DEPLOYMENT_TARGET[arch=*]" = 16.2;
				LOCALIZATION_PREFERS_STRING_CATALOGS = YES;
				MTL_ENABLE_DEBUG_INFO = NO;
				MTL_FAST_MATH = YES;
				SDKROOT = iphoneos;
				SWIFT_COMPILATION_MODE = wholemodule;
				VALIDATE_PRODUCT = YES;
			};
			name = Release;
		};
		7CAED2AF2F2A94400051CBEB /* Debug */ = {
			isa = XCBuildConfiguration;
			buildSettings = {
				ASSETCATALOG_COMPILER_APPICON_NAME = AppIcon;
				ASSETCATALOG_COMPILER_GLOBAL_ACCENT_COLOR_NAME = AccentColor;
				ASSETCATALOG_COMPILER_INCLUDE_ALL_APPICON_ASSETS = NO;
				CODE_SIGN_ENTITLEMENTS = SecureNode/SecureNode.entitlements;
				CODE_SIGN_STYLE = Automatic;
				CURRENT_PROJECT_VERSION = 1;
				DEVELOPMENT_ASSET_PATHS = "";
				DEVELOPMENT_TEAM = SQQKYXFVXG;
				ENABLE_PREVIEWS = YES;
				GENERATE_INFOPLIST_FILE = NO;
				INFOPLIST_FILE = Info.plist;
				INFOPLIST_KEY_CFBundleDisplayName = "SecureNode Trust Engine";
				INFOPLIST_KEY_LSApplicationCategoryType = "public.app-category.utilities";
				IPHONEOS_DEPLOYMENT_TARGET = 16.2;
				LD_RUNPATH_SEARCH_PATHS = (
					"$(inherited)",
					"@executable_path/Frameworks",
				);
				MARKETING_VERSION = 1.0;
				PRODUCT_BUNDLE_IDENTIFIER = SecureNodeKit.SecureNode;
				PRODUCT_NAME = "$(TARGET_NAME)";
				STRING_CATALOG_GENERATE_SYMBOLS = YES;
				SWIFT_APPROACHABLE_CONCURRENCY = YES;
				SWIFT_DEFAULT_ACTOR_ISOLATION = MainActor;
				SWIFT_EMIT_LOC_STRINGS = YES;
				SWIFT_UPCOMING_FEATURE_MEMBER_IMPORT_VISIBILITY = YES;
				SWIFT_VERSION = 5.0;
				TARGETED_DEVICE_FAMILY = "1,2";
			};
			name = Debug;
		};
		7CAED2B02F2A94400051CBEB /* Release */ = {
			isa = XCBuildConfiguration;
			buildSettings = {
				ASSETCATALOG_COMPILER_APPICON_NAME = AppIcon;
				ASSETCATALOG_COMPILER_GLOBAL_ACCENT_COLOR_NAME = AccentColor;
				ASSETCATALOG_COMPILER_INCLUDE_ALL_APPICON_ASSETS = NO;
				CODE_SIGN_ENTITLEMENTS = SecureNode/SecureNode.entitlements;
				CODE_SIGN_STYLE = Automatic;
				CURRENT_PROJECT_VERSION = 1;
				DEVELOPMENT_ASSET_PATHS = "";
				DEVELOPMENT_TEAM = SQQKYXFVXG;
				ENABLE_PREVIEWS = YES;
				GENERATE_INFOPLIST_FILE = NO;
				INFOPLIST_FILE = Info.plist;
				INFOPLIST_KEY_CFBundleDisplayName = "SecureNode Trust Engine";
				INFOPLIST_KEY_LSApplicationCategoryType = "public.app-category.utilities";
				IPHONEOS_DEPLOYMENT_TARGET = 16.2;
				LD_RUNPATH_SEARCH_PATHS = (
					"$(inherited)",
					"@executable_path/Frameworks",
				);
				MARKETING_VERSION = 1.0;
				PRODUCT_BUNDLE_IDENTIFIER = SecureNodeKit.SecureNode;
				PRODUCT_NAME = "$(TARGET_NAME)";
				STRING_CATALOG_GENERATE_SYMBOLS = YES;
				SWIFT_APPROACHABLE_CONCURRENCY = YES;
				SWIFT_DEFAULT_ACTOR_ISOLATION = MainActor;
				SWIFT_EMIT_LOC_STRINGS = YES;
				SWIFT_UPCOMING_FEATURE_MEMBER_IMPORT_VISIBILITY = YES;
				SWIFT_VERSION = 5.0;
				TARGETED_DEVICE_FAMILY = "1,2";
			};
			name = Release;
		};
		7CAED2B22F2A94400051CBEB /* Debug */ = {
			isa = XCBuildConfiguration;
			buildSettings = {
				BUNDLE_LOADER = "$(TEST_HOST)";
				"CODE_SIGN_IDENTITY[sdk=macosx*]" = "Apple Development";
				CODE_SIGN_STYLE = Automatic;
				CURRENT_PROJECT_VERSION = 1;
				DEVELOPMENT_TEAM = SQQKYXFVXG;
				GENERATE_INFOPLIST_FILE = YES;
				IPHONEOS_DEPLOYMENT_TARGET = 16.2;
				MARKETING_VERSION = 1.0;
				PRODUCT_BUNDLE_IDENTIFIER = SecureNodeKit.SecureNodeTests;
				PRODUCT_NAME = "$(TARGET_NAME)";
				STRING_CATALOG_GENERATE_SYMBOLS = NO;
				SUPPORTED_PLATFORMS = "iphoneos iphonesimulator";
				SUPPORTS_MACCATALYST = NO;
				SUPPORTS_MAC_DESIGNED_FOR_IPHONE_IPAD = NO;
				SUPPORTS_XR_DESIGNED_FOR_IPHONE_IPAD = NO;
				SWIFT_APPROACHABLE_CONCURRENCY = YES;
				SWIFT_EMIT_LOC_STRINGS = NO;
				SWIFT_UPCOMING_FEATURE_MEMBER_IMPORT_VISIBILITY = YES;
				SWIFT_VERSION = 5.0;
				TARGETED_DEVICE_FAMILY = 1;
				TEST_HOST = "$(BUILT_PRODUCTS_DIR)/SecureNode.app/$(BUNDLE_EXECUTABLE_FOLDER_PATH)/SecureNode";
			};
			name = Debug;
		};
		7CAED2B32F2A94400051CBEB /* Release */ = {
			isa = XCBuildConfiguration;
			buildSettings = {
				BUNDLE_LOADER = "$(TEST_HOST)";
				CODE_SIGN_STYLE = Automatic;
				CURRENT_PROJECT_VERSION = 1;
				DEVELOPMENT_TEAM = SQQKYXFVXG;
				"DEVELOPMENT_TEAM[sdk=*]" = SQQKYXFVXG;
				GENERATE_INFOPLIST_FILE = YES;
				IPHONEOS_DEPLOYMENT_TARGET = 16.2;
				MARKETING_VERSION = 1.0;
				PRODUCT_BUNDLE_IDENTIFIER = SecureNodeKit.SecureNodeTests;
				PRODUCT_NAME = "$(TARGET_NAME)";
				STRING_CATALOG_GENERATE_SYMBOLS = NO;
				SUPPORTED_PLATFORMS = "iphoneos iphonesimulator";
				SUPPORTS_MACCATALYST = NO;
				SUPPORTS_MAC_DESIGNED_FOR_IPHONE_IPAD = NO;
				SUPPORTS_XR_DESIGNED_FOR_IPHONE_IPAD = NO;
				SWIFT_APPROACHABLE_CONCURRENCY = YES;
				SWIFT_EMIT_LOC_STRINGS = NO;
				SWIFT_UPCOMING_FEATURE_MEMBER_IMPORT_VISIBILITY = YES;
				SWIFT_VERSION = 5.0;
				TARGETED_DEVICE_FAMILY = 1;
				TEST_HOST = "$(BUILT_PRODUCTS_DIR)/SecureNode.app/$(BUNDLE_EXECUTABLE_FOLDER_PATH)/SecureNode";
			};
			name = Release;
		};
		7CAED2B52F2A94400051CBEB /* Debug */ = {
			isa = XCBuildConfiguration;
			buildSettings = {
				CODE_SIGN_STYLE = Automatic;
				CURRENT_PROJECT_VERSION = 1;
				DEVELOPMENT_TEAM = SQQKYXFVXG;
				GENERATE_INFOPLIST_FILE = YES;
				MARKETING_VERSION = 1.0;
				PRODUCT_BUNDLE_IDENTIFIER = SecureNodeKit.SecureNodeUITests;
				PRODUCT_NAME = "$(TARGET_NAME)";
				STRING_CATALOG_GENERATE_SYMBOLS = NO;
				SWIFT_APPROACHABLE_CONCURRENCY = YES;
				SWIFT_EMIT_LOC_STRINGS = NO;
				SWIFT_UPCOMING_FEATURE_MEMBER_IMPORT_VISIBILITY = YES;
				SWIFT_VERSION = 5.0;
				TARGETED_DEVICE_FAMILY = "1,2";
				TEST_TARGET_NAME = SecureNode;
			};
			name = Debug;
		};
		7CAED2B62F2A94400051CBEB /* Release */ = {
			isa = XCBuildConfiguration;
			buildSettings = {
				CODE_SIGN_STYLE = Automatic;
				CURRENT_PROJECT_VERSION = 1;
				DEVELOPMENT_TEAM = SQQKYXFVXG;
				GENERATE_INFOPLIST_FILE = YES;
				MARKETING_VERSION = 1.0;
				PRODUCT_BUNDLE_IDENTIFIER = SecureNodeKit.SecureNodeUITests;
				PRODUCT_NAME = "$(TARGET_NAME)";
				STRING_CATALOG_GENERATE_SYMBOLS = NO;
				SWIFT_APPROACHABLE_CONCURRENCY = YES;
				SWIFT_EMIT_LOC_STRINGS = NO;
				SWIFT_UPCOMING_FEATURE_MEMBER_IMPORT_VISIBILITY = YES;
				SWIFT_VERSION = 5.0;
				TARGETED_DEVICE_FAMILY = "1,2";
				TEST_TARGET_NAME = SecureNode;
			};
			name = Release;
		};
		7CCD2E0D2F2A943D0051CBEB /* Debug */ = {
			isa = XCBuildConfiguration;
			buildSettings = {
				CODE_SIGN_ENTITLEMENTS = SecureNodeCallDirectoryExtension/SecureNodeCallDirectoryExtension.entitlements;
				CODE_SIGN_STYLE = Automatic;
				CURRENT_PROJECT_VERSION = 1;
				DEVELOPMENT_TEAM = SQQKYXFVXG;
				GENERATE_INFOPLIST_FILE = NO;
				INFOPLIST_FILE = SecureNodeCallDirectoryExtension/Info.plist;
				INFOPLIST_KEY_CFBundleName = "SecureNode Call Directory";
				IPHONEOS_DEPLOYMENT_TARGET = 16.2;
				LD_RUNPATH_SEARCH_PATHS = (
					"$(inherited)",
					"@executable_path/Frameworks",
					"@executable_path/../../Frameworks",
				);
				MARKETING_VERSION = 1.0;
				PRODUCT_BUNDLE_IDENTIFIER = SecureNodeKit.SecureNode.CallDirectory;
				PRODUCT_MODULE_NAME = SecureNodeCallDirectoryExtension;
				PRODUCT_NAME = "$(TARGET_NAME)";
				SKIP_INSTALL = YES;
				SWIFT_ACTIVE_COMPILATION_CONDITIONS = "DEBUG SECURENODE_APP_EXTENSION";
				SWIFT_EMIT_LOC_STRINGS = NO;
				SWIFT_VERSION = 5.0;
				TARGETED_DEVICE_FAMILY = "1,2";
			};
			name = Debug;
		};
		7CCD2E0E2F2A943D0051CBEB /* Release */ = {
			isa = XCBuildConfiguration;
			buildSettings = {
				CODE_SIGN_ENTITLEMENTS = SecureNodeCallDirectoryExtension/SecureNodeCallDirectoryExtension.entitlements;
				CODE_SIGN_STYLE = Automatic;
				CURRENT_PROJECT_VERSION = 1;
				DEVELOPMENT_TEAM = SQQKYXFVXG;
				GENERATE_INFOPLIST_FILE = NO;
				INFOPLIST_FILE = SecureNodeCallDirectoryExtension/Info.plist;
				INFOPLIST_KEY_CFBundleName = "SecureNode Call Directory";
				IPHONEOS_DEPLOYMENT_TARGET = 16.2;
				LD_RUNPATH_SEARCH_PATHS = (
					"$(inherited)",
					"@executable_path/Frameworks",
					"@executable_path/../../Frameworks",
				);
				MARKETING_VERSION = 1.0;
				PRODUCT_BUNDLE_IDENTIFIER = SecureNodeKit.SecureNode.CallDirectory;
				PRODUCT_MODULE_NAME = SecureNodeCallDirectoryExtension;
				PRODUCT_NAME = "$(TARGET_NAME)";
				SKIP_INSTALL = YES;
				SWIFT_ACTIVE_COMPILATION_CONDITIONS = SECURENODE_APP_EXTENSION;
				SWIFT_EMIT_LOC_STRINGS = NO;
				SWIFT_VERSION = 5.0;
				TARGETED_DEVICE_FAMILY = "1,2";
			};
			name = Release;
		};
/* End XCBuildConfiguration section */

/* Begin XCConfigurationList section */
		7CAED2862F2A943D0051CBEB /* Build configuration list for PBXProject "SecureNode" */ = {
			isa = XCConfigurationList;
			buildConfigurations = (
				7CAED2AC2F2A94400051CBEB /* Debug */,
				7CAED2AD2F2A94400051CBEB /* Release */,
			);
			defaultConfigurationIsVisible = 0;
			defaultConfigurationName = Release;
		};
		7CAED2AE2F2A94400051CBEB /* Build configuration list for PBXNativeTarget "SecureNode" */ = {
			isa = XCConfigurationList;
			buildConfigurations = (
				7CAED2AF2F2A94400051CBEB /* Debug */,
				7CAED2B02F2A94400051CBEB /* Release */,
			);
			defaultConfigurationIsVisible = 0;
			defaultConfigurationName = Release;
		};
		7CAED2B12F2A94400051CBEB /* Build configuration list for PBXNativeTarget "SecureNodeTests" */ = {
			isa = XCConfigurationList;
			buildConfigurations = (
				7CAED2B22F2A94400051CBEB /* Debug */,
				7CAED2B32F2A94400051CBEB /* Release */,
			);
			defaultConfigurationIsVisible = 0;
			defaultConfigurationName = Release;
		};
		7CAED2B42F2A94400051CBEB /* Build configuration list for PBXNativeTarget "SecureNodeUITests" */ = {
			isa = XCConfigurationList;
			buildConfigurations = (
				7CAED2B52F2A94400051CBEB /* Debug */,
				7CAED2B62F2A94400051CBEB /* Release */,
			);
			defaultConfigurationIsVisible = 0;
			defaultConfigurationName = Release;
		};
		7CCD2E082F2A943D0051CBEB /* Build configuration list for PBXNativeTarget "SecureNodeCallDirectoryExtension" */ = {
			isa = XCConfigurationList;
			buildConfigurations = (
				7CCD2E0D2F2A943D0051CBEB /* Debug */,
				7CCD2E0E2F2A943D0051CBEB /* Release */,
			);
			defaultConfigurationIsVisible = 0;
			defaultConfigurationName = Release;
		};
/* End XCConfigurationList section */
	};
	rootObject = 7CAED2832F2A943D0051CBEB /* Project object */;
}
